
Microsoft Visual Studio Solution File, Format Version 12.00
# Visual Studio Version 17
VisualStudioVersion = 17.14.36301.6 d17.14
MinimumVisualStudioVersion = 10.0.40219.1
Project("{FAE04EC0-301F-11D3-BF4B-00C04F79EFBC}") = "SaveDataWpf", "SaveDataWpf\SaveDataWpf.csproj", "{97C824AF-CEF0-4FB5-8AF1-934ED4E09344}"
EndProject
Global
	GlobalSection(SolutionConfigurationPlatforms) = preSolution
		Debug|Any CPU = Debug|Any CPU
		Release|Any CPU = Release|Any CPU
	EndGlobalSection
	GlobalSection(ProjectConfigurationPlatforms) = postSolution
		{97C824AF-CEF0-4FB5-8AF1-934ED4E09344}.Debug|Any CPU.ActiveCfg = Debug|Any CPU
		{97C824AF-CEF0-4FB5-8AF1-934ED4E09344}.Debug|Any CPU.Build.0 = Debug|Any CPU
		{97C824AF-CEF0-4FB5-8AF1-934ED4E09344}.Release|Any CPU.ActiveCfg = Release|Any CPU
		{97C824AF-CEF0-4FB5-8AF1-934ED4E09344}.Release|Any CPU.Build.0 = Release|Any CPU
	EndGlobalSection
	GlobalSection(SolutionProperties) = preSolution
		HideSolutionNode = FALSE
	EndGlobalSection
	GlobalSection(ExtensibilityGlobals) = postSolution
		SolutionGuid = {752A9B56-B71F-4B42-A8B6-9D2997DE807F}
	EndGlobalSection
EndGlobal
